
Microsoft Visual Studio Solution File, Format Version 12.00
# Visual Studio Version 17
VisualStudioVersion = 17.0.31903.59
MinimumVisualStudioVersion = 10.0.40219.1
Project("{8F196090-A47E-41E0-98ED-67A2B9D9E4B4 }") = "src", "src", "{AF654A96-AAD4-46B7-9928-34D0A66574DE}"
EndProject
Project("{F8018706-2C0E-4515-A8CE-0B7FA99CDF07}") = "LiveSplit.SplitsFAS", "src\LiveSplit.Splits\LiveSplit.SplitsFAS.csproj", "{EF869057-A3BB-4431-87C4-EFDBF824A328}"
EndProject
Global
	GlobalSection(SolutionConfigurationPlatforms) = preSolution
		Debug|Any CPU = Debug|Any CPU
		Release|Any CPU = Release|Any CPU
	EndGlobalSection
	GlobalSection(SolutionProperties) = preSolution
		HideSolutionNode = FALSE
	EndGlobalSection
	GlobalSection(ProjectConfigurationPlatforms) = postSolution
		{EF869057-A3BB-4431-87C4-EFDBF824A328}.Debug|Any CPU.ActiveCfg = Debug|Any CPU
		{EF869057-A3BB-4431-87C4-EFDBF824A328}.Debug|Any CPU.Build.0 = Debug|Any CPU
		{EF869057-A3BB-4431-87C4-EFDBF824A328}.Release|Any CPU.ActiveCfg = Release|Any CPU
		{EF869057-A3BB-4431-87C4-EFDBF824A328}.Release|Any CPU.Build.0 = Release|Any CPU
	EndGlobalSection
	GlobalSection(NestedProjects) = preSolution
		{EF869057-A3BB-4431-87C4-EFDBF824A328} = {AF654A96-AAD4-46B7-9928-34D0A66574DE}
	EndGlobalSection
EndGlobal
